{
  "name": "com.synplyworks.thenmore",
  "version": "0.6.2",
  "lockfileVersion": 1,
  "requires": true,
  "dependencies": {
    "athom-api": {
      "version": "2.1.155",
      "resolved": "https://registry.npmjs.org/athom-api/-/athom-api-2.1.155.tgz",
      "integrity": "sha512-/CWv9dxdNI11B2Aghl7JBw5akHlLo0spTz27W1Dkx7CGb6N6sUGFbws9O5HF9KsSOxlBKqJ5FMcr0rfC6P6RRA=="
    }
  }
}
