{
  "name": "com.synplyworks.thenmore",
  "version": "0.4.2",
  "lockfileVersion": 1,
  "requires": true,
  "dependencies": {
    "athom-api": {
      "version": "2.1.138",
      "resolved": "https://registry.npmjs.org/athom-api/-/athom-api-2.1.138.tgz",
      "integrity": "sha512-76e/b0c9Jzq+OzbAf7Y+if4aNgLtJvE7ioogTsftHVmIrFHfscMTdeQ12Vakwjyp8CA5Iu/Opk4OJhV5wu0OEA=="
    }
  }
}
